{
  "name": "6502",
  "lockfileVersion": 3,
  "requires": true,
  "packages": {
    "": {
      "dependencies": {
        "glib": "file:../glib"
      },
      "devDependencies": {
        "@types/node": "^18.11.18"
      }
    },
    "../glib": {
      "version": "1.0.0",
      "devDependencies": {
        "@types/node": "^20.11.5"
      }
    },
    "node_modules/@types/node": {
      "version": "18.11.18",
      "resolved": "https://registry.npmjs.org/@types/node/-/node-18.11.18.tgz",
      "integrity": "sha512-DHQpWGjyQKSHj3ebjFI/wRKcqQcdR+MoFBygntYOZytCqNfkd2ZC4ARDJ2DQqhjH5p85Nnd3jhUJIXrszFX/JA==",
      "dev": true
    },
    "node_modules/glib": {
      "resolved": "../glib",
      "link": true
    }
  }
}
